
Microsoft Visual Studio Solution File, Format Version 12.00
# Visual Studio Version 17
VisualStudioVersion = 17.0.32112.339
MinimumVisualStudioVersion = 10.0.40219.1
Project("{FAE04EC0-301F-11D3-BF4B-00C04F79EFBC}") = "SpotifyNET", "SpotifyNET.csproj", "{A4AE7FA3-F340-4114-A282-B88518F7BB9C}"
EndProject
Project("{FAE04EC0-301F-11D3-BF4B-00C04F79EFBC}") = "SpotifyNET.ConsoleSample", "..\samples\SpotifyNET.ConsoleSample\SpotifyNET.ConsoleSample.csproj", "{FAC82F82-CA95-4B13-8E17-D22E06097E71}"
EndProject
Project("{FAE04EC0-301F-11D3-BF4B-00C04F79EFBC}") = "SpotifyNET.WpfSample", "..\samples\SpotifyNET.WpfSample\SpotifyNET.WpfSample.csproj", "{BFB6BA79-6FDA-4CEB-A58C-9ED7A289FEF2}"
EndProject
Global
	GlobalSection(SolutionConfigurationPlatforms) = preSolution
		Debug|Any CPU = Debug|Any CPU
		Release|Any CPU = Release|Any CPU
	EndGlobalSection
	GlobalSection(ProjectConfigurationPlatforms) = postSolution
		{A4AE7FA3-F340-4114-A282-B88518F7BB9C}.Debug|Any CPU.ActiveCfg = Debug|Any CPU
		{A4AE7FA3-F340-4114-A282-B88518F7BB9C}.Debug|Any CPU.Build.0 = Debug|Any CPU
		{A4AE7FA3-F340-4114-A282-B88518F7BB9C}.Release|Any CPU.ActiveCfg = Release|Any CPU
		{A4AE7FA3-F340-4114-A282-B88518F7BB9C}.Release|Any CPU.Build.0 = Release|Any CPU
		{FAC82F82-CA95-4B13-8E17-D22E06097E71}.Debug|Any CPU.ActiveCfg = Debug|Any CPU
		{FAC82F82-CA95-4B13-8E17-D22E06097E71}.Debug|Any CPU.Build.0 = Debug|Any CPU
		{FAC82F82-CA95-4B13-8E17-D22E06097E71}.Release|Any CPU.ActiveCfg = Release|Any CPU
		{FAC82F82-CA95-4B13-8E17-D22E06097E71}.Release|Any CPU.Build.0 = Release|Any CPU
		{BFB6BA79-6FDA-4CEB-A58C-9ED7A289FEF2}.Debug|Any CPU.ActiveCfg = Debug|Any CPU
		{BFB6BA79-6FDA-4CEB-A58C-9ED7A289FEF2}.Debug|Any CPU.Build.0 = Debug|Any CPU
		{BFB6BA79-6FDA-4CEB-A58C-9ED7A289FEF2}.Release|Any CPU.ActiveCfg = Release|Any CPU
		{BFB6BA79-6FDA-4CEB-A58C-9ED7A289FEF2}.Release|Any CPU.Build.0 = Release|Any CPU
	EndGlobalSection
	GlobalSection(SolutionProperties) = preSolution
		HideSolutionNode = FALSE
	EndGlobalSection
	GlobalSection(ExtensibilityGlobals) = postSolution
		SolutionGuid = {B66C8EDE-38D6-49BF-85EA-7A31049F5E36}
	EndGlobalSection
EndGlobal
